
Microsoft Visual Studio Solution File, Format Version 12.00
# Visual Studio Version 16
VisualStudioVersion = 16.0.32630.194
MinimumVisualStudioVersion = 10.0.40219.1
Project("{9092AA53-FB77-4645-B42D-1CCCA6BD08BD}") = "TrainingHomeworkCompilation", "TrainingHomeworkCompilation\TrainingHomeworkCompilation.njsproj", "{E8142B88-54C4-45E4-89FB-665ABB0955BF}"
EndProject
Global
	GlobalSection(SolutionConfigurationPlatforms) = preSolution
		Debug|Any CPU = Debug|Any CPU
		Release|Any CPU = Release|Any CPU
	EndGlobalSection
	GlobalSection(ProjectConfigurationPlatforms) = postSolution
		{E8142B88-54C4-45E4-89FB-665ABB0955BF}.Debug|Any CPU.ActiveCfg = Debug|Any CPU
		{E8142B88-54C4-45E4-89FB-665ABB0955BF}.Debug|Any CPU.Build.0 = Debug|Any CPU
		{E8142B88-54C4-45E4-89FB-665ABB0955BF}.Release|Any CPU.ActiveCfg = Release|Any CPU
		{E8142B88-54C4-45E4-89FB-665ABB0955BF}.Release|Any CPU.Build.0 = Release|Any CPU
	EndGlobalSection
	GlobalSection(SolutionProperties) = preSolution
		HideSolutionNode = FALSE
	EndGlobalSection
	GlobalSection(ExtensibilityGlobals) = postSolution
		SolutionGuid = {D17EF9E7-2729-4F0E-8FBF-E17A08037C46}
	EndGlobalSection
EndGlobal
